// !$*UTF8*$!
{
	archiveVersion = 1;
	classes = {
	};
	objectVersion = 56;
	objects = {

/* Begin PBXBuildFile section */
		2758B26E2AC9D77400BEC60A /* MultiClockApp.swift in Sources */ = {isa = PBXBuildFile; fileRef = 2758B26D2AC9D77400BEC60A /* MultiClockApp.swift */; };
		2758B2702AC9D77400BEC60A /* ContentView.swift in Sources */ = {isa = PBXBuildFile; fileRef = 2758B26F2AC9D77400BEC60A /* ContentView.swift */; };
		2758B2722AC9D77500BEC60A /* Assets.xcassets in Resources */ = {isa = PBXBuildFile; fileRef = 2758B2712AC9D77500BEC60A /* Assets.xcassets */; };
		2758B2752AC9D77500BEC60A /* Preview Assets.xcassets in Resources */ = {isa = PBXBuildFile; fileRef = 2758B2742AC9D77500BEC60A /* Preview Assets.xcassets */; };
		2758B27F2AC9D77500BEC60A /* MultiClockTests.swift in Sources */ = {isa = PBXBuildFile; fileRef = 2758B27E2AC9D77500BEC60A /* MultiClockTests.swift */; };
		2758B2892AC9D77500BEC60A /* MultiClockUITests.swift in Sources */ = {isa = PBXBuildFile; fileRef = 2758B2882AC9D77500BEC60A /* MultiClockUITests.swift */; };
		2758B28B2AC9D77500BEC60A /* MultiClockUITestsLaunchTests.swift in Sources */ = {isa = PBXBuildFile; fileRef = 2758B28A2AC9D77500BEC60A /* MultiClockUITestsLaunchTests.swift */; };
		2758B2992AC9D8CC00BEC60A /* Solar in Frameworks */ = {isa = PBXBuildFile; productRef = 2758B2982AC9D8CC00BEC60A /* Solar */; };
		2758B29B2AC9D8F600BEC60A /* SolarClock.swift in Sources */ = {isa = PBXBuildFile; fileRef = 2758B29A2AC9D8F600BEC60A /* SolarClock.swift */; };
		2758B29D2AC9DA8800BEC60A /* CivilClockView.swift in Sources */ = {isa = PBXBuildFile; fileRef = 2758B29C2AC9DA8800BEC60A /* CivilClockView.swift */; };
		2758B29F2AC9DCA400BEC60A /* SolarClockView.swift in Sources */ = {isa = PBXBuildFile; fileRef = 2758B29E2AC9DCA400BEC60A /* SolarClockView.swift */; };
		2758B2A12AC9DD9900BEC60A /* PreferencesView.swift in Sources */ = {isa = PBXBuildFile; fileRef = 2758B2A02AC9DD9900BEC60A /* PreferencesView.swift */; };
		2758B2A32AC9DFD800BEC60A /* InfoView.swift in Sources */ = {isa = PBXBuildFile; fileRef = 2758B2A22AC9DFD800BEC60A /* InfoView.swift */; };
/* End PBXBuildFile section */

/* Begin PBXContainerItemProxy section */
		2758B27B2AC9D77500BEC60A /* PBXContainerItemProxy */ = {
			isa = PBXContainerItemProxy;
			containerPortal = 2758B2622AC9D77400BEC60A /* Project object */;
			proxyType = 1;
			remoteGlobalIDString = 2758B2692AC9D77400BEC60A;
			remoteInfo = MultiClock;
		};
		2758B2852AC9D77500BEC60A /* PBXContainerItemProxy */ = {
			isa = PBXContainerItemProxy;
			containerPortal = 2758B2622AC9D77400BEC60A /* Project object */;
			proxyType = 1;
			remoteGlobalIDString = 2758B2692AC9D77400BEC60A;
			remoteInfo = MultiClock;
		};
/* End PBXContainerItemProxy section */

/* Begin PBXFileReference section */
		2758B26A2AC9D77400BEC60A /* MultiClock.app */ = {isa = PBXFileReference; explicitFileType = wrapper.application; includeInIndex = 0; path = MultiClock.app; sourceTree = BUILT_PRODUCTS_DIR; };
		2758B26D2AC9D77400BEC60A /* MultiClockApp.swift */ = {isa = PBXFileReference; lastKnownFileType = sourcecode.swift; path = MultiClockApp.swift; sourceTree = "<group>"; };
		2758B26F2AC9D77400BEC60A /* ContentView.swift */ = {isa = PBXFileReference; lastKnownFileType = sourcecode.swift; path = ContentView.swift; sourceTree = "<group>"; };
		2758B2712AC9D77500BEC60A /* Assets.xcassets */ = {isa = PBXFileReference; lastKnownFileType = folder.assetcatalog; path = Assets.xcassets; sourceTree = "<group>"; };
		2758B2742AC9D77500BEC60A /* Preview Assets.xcassets */ = {isa = PBXFileReference; lastKnownFileType = folder.assetcatalog; path = "Preview Assets.xcassets"; sourceTree = "<group>"; };
		2758B27A2AC9D77500BEC60A /* MultiClockTests.xctest */ = {isa = PBXFileReference; explicitFileType = wrapper.cfbundle; includeInIndex = 0; path = MultiClockTests.xctest; sourceTree = BUILT_PRODUCTS_DIR; };
		2758B27E2AC9D77500BEC60A /* MultiClockTests.swift */ = {isa = PBXFileReference; lastKnownFileType = sourcecode.swift; path = MultiClockTests.swift; sourceTree = "<group>"; };
		2758B2842AC9D77500BEC60A /* MultiClockUITests.xctest */ = {isa = PBXFileReference; explicitFileType = wrapper.cfbundle; includeInIndex = 0; path = MultiClockUITests.xctest; sourceTree = BUILT_PRODUCTS_DIR; };
		2758B2882AC9D77500BEC60A /* MultiClockUITests.swift */ = {isa = PBXFileReference; lastKnownFileType = sourcecode.swift; path = MultiClockUITests.swift; sourceTree = "<group>"; };
		2758B28A2AC9D77500BEC60A /* MultiClockUITestsLaunchTests.swift */ = {isa = PBXFileReference; lastKnownFileType = sourcecode.swift; path = MultiClockUITestsLaunchTests.swift; sourceTree = "<group>"; };
		2758B29A2AC9D8F600BEC60A /* SolarClock.swift */ = {isa = PBXFileReference; lastKnownFileType = sourcecode.swift; path = SolarClock.swift; sourceTree = "<group>"; };
		2758B29C2AC9DA8800BEC60A /* CivilClockView.swift */ = {isa = PBXFileReference; lastKnownFileType = sourcecode.swift; path = CivilClockView.swift; sourceTree = "<group>"; };
		2758B29E2AC9DCA400BEC60A /* SolarClockView.swift */ = {isa = PBXFileReference; lastKnownFileType = sourcecode.swift; path = SolarClockView.swift; sourceTree = "<group>"; };
		2758B2A02AC9DD9900BEC60A /* PreferencesView.swift */ = {isa = PBXFileReference; lastKnownFileType = sourcecode.swift; path = PreferencesView.swift; sourceTree = "<group>"; };
		2758B2A22AC9DFD800BEC60A /* InfoView.swift */ = {isa = PBXFileReference; lastKnownFileType = sourcecode.swift; path = InfoView.swift; sourceTree = "<group>"; };
/* End PBXFileReference section */

/* Begin PBXFrameworksBuildPhase section */
		2758B2672AC9D77400BEC60A /* Frameworks */ = {
			isa = PBXFrameworksBuildPhase;
			buildActionMask = 2147483647;
			files = (
				2758B2992AC9D8CC00BEC60A /* Solar in Frameworks */,
			);
			runOnlyForDeploymentPostprocessing = 0;
		};
		2758B2772AC9D77500BEC60A /* Frameworks */ = {
			isa = PBXFrameworksBuildPhase;
			buildActionMask = 2147483647;
			files = (
			);
			runOnlyForDeploymentPostprocessing = 0;
		};
		2758B2812AC9D77500BEC60A /* Frameworks */ = {
			isa = PBXFrameworksBuildPhase;
			buildActionMask = 2147483647;
			files = (
			);
			runOnlyForDeploymentPostprocessing = 0;
		};
/* End PBXFrameworksBuildPhase section */

/* Begin PBXGroup section */
		2758B2612AC9D77400BEC60A = {
			isa = PBXGroup;
			children = (
				2758B26C2AC9D77400BEC60A /* MultiClock */,
				2758B27D2AC9D77500BEC60A /* MultiClockTests */,
				2758B2872AC9D77500BEC60A /* MultiClockUITests */,
				2758B26B2AC9D77400BEC60A /* Products */,
			);
			sourceTree = "<group>";
		};
		2758B26B2AC9D77400BEC60A /* Products */ = {
			isa = PBXGroup;
			children = (
				2758B26A2AC9D77400BEC60A /* MultiClock.app */,
				2758B27A2AC9D77500BEC60A /* MultiClockTests.xctest */,
				2758B2842AC9D77500BEC60A /* MultiClockUITests.xctest */,
			);
			name = Products;
			sourceTree = "<group>";
		};
		2758B26C2AC9D77400BEC60A /* MultiClock */ = {
			isa = PBXGroup;
			children = (
				2758B26D2AC9D77400BEC60A /* MultiClockApp.swift */,
				2758B29A2AC9D8F600BEC60A /* SolarClock.swift */,
				2758B26F2AC9D77400BEC60A /* ContentView.swift */,
				2758B29C2AC9DA8800BEC60A /* CivilClockView.swift */,
				2758B29E2AC9DCA400BEC60A /* SolarClockView.swift */,
				2758B2A22AC9DFD800BEC60A /* InfoView.swift */,
				2758B2A02AC9DD9900BEC60A /* PreferencesView.swift */,
				2758B2712AC9D77500BEC60A /* Assets.xcassets */,
				2758B2732AC9D77500BEC60A /* Preview Content */,
			);
			path = MultiClock;
			sourceTree = "<group>";
		};
		2758B2732AC9D77500BEC60A /* Preview Content */ = {
			isa = PBXGroup;
			children = (
				2758B2742AC9D77500BEC60A /* Preview Assets.xcassets */,
			);
			path = "Preview Content";
			sourceTree = "<group>";
		};
		2758B27D2AC9D77500BEC60A /* MultiClockTests */ = {
			isa = PBXGroup;
			children = (
				2758B27E2AC9D77500BEC60A /* MultiClockTests.swift */,
			);
			path = MultiClockTests;
			sourceTree = "<group>";
		};
		2758B2872AC9D77500BEC60A /* MultiClockUITests */ = {
			isa = PBXGroup;
			children = (
				2758B2882AC9D77500BEC60A /* MultiClockUITests.swift */,
				2758B28A2AC9D77500BEC60A /* MultiClockUITestsLaunchTests.swift */,
			);
			path = MultiClockUITests;
			sourceTree = "<group>";
		};
/* End PBXGroup section */

/* Begin PBXNativeTarget section */
		2758B2692AC9D77400BEC60A /* MultiClock */ = {
			isa = PBXNativeTarget;
			buildConfigurationList = 2758B28E2AC9D77500BEC60A /* Build configuration list for PBXNativeTarget "MultiClock" */;
			buildPhases = (
				2758B2662AC9D77400BEC60A /* Sources */,
				2758B2672AC9D77400BEC60A /* Frameworks */,
				2758B2682AC9D77400BEC60A /* Resources */,
			);
			buildRules = (
			);
			dependencies = (
			);
			name = MultiClock;
			packageProductDependencies = (
				2758B2982AC9D8CC00BEC60A /* Solar */,
			);
			productName = MultiClock;
			productReference = 2758B26A2AC9D77400BEC60A /* MultiClock.app */;
			productType = "com.apple.product-type.application";
		};
		2758B2792AC9D77500BEC60A /* MultiClockTests */ = {
			isa = PBXNativeTarget;
			buildConfigurationList = 2758B2912AC9D77500BEC60A /* Build configuration list for PBXNativeTarget "MultiClockTests" */;
			buildPhases = (
				2758B2762AC9D77500BEC60A /* Sources */,
				2758B2772AC9D77500BEC60A /* Frameworks */,
				2758B2782AC9D77500BEC60A /* Resources */,
			);
			buildRules = (
			);
			dependencies = (
				2758B27C2AC9D77500BEC60A /* PBXTargetDependency */,
			);
			name = MultiClockTests;
			productName = MultiClockTests;
			productReference = 2758B27A2AC9D77500BEC60A /* MultiClockTests.xctest */;
			productType = "com.apple.product-type.bundle.unit-test";
		};
		2758B2832AC9D77500BEC60A /* MultiClockUITests */ = {
			isa = PBXNativeTarget;
			buildConfigurationList = 2758B2942AC9D77500BEC60A /* Build configuration list for PBXNativeTarget "MultiClockUITests" */;
			buildPhases = (
				2758B2802AC9D77500BEC60A /* Sources */,
				2758B2812AC9D77500BEC60A /* Frameworks */,
				2758B2822AC9D77500BEC60A /* Resources */,
			);
			buildRules = (
			);
			dependencies = (
				2758B2862AC9D77500BEC60A /* PBXTargetDependency */,
			);
			name = MultiClockUITests;
			productName = MultiClockUITests;
			productReference = 2758B2842AC9D77500BEC60A /* MultiClockUITests.xctest */;
			productType = "com.apple.product-type.bundle.ui-testing";
		};
/* End PBXNativeTarget section */

/* Begin PBXProject section */
		2758B2622AC9D77400BEC60A /* Project object */ = {
			isa = PBXProject;
			attributes = {
				BuildIndependentTargetsInParallel = 1;
				LastSwiftUpdateCheck = 1500;
				LastUpgradeCheck = 1500;
				TargetAttributes = {
					2758B2692AC9D77400BEC60A = {
						CreatedOnToolsVersion = 15.0;
					};
					2758B2792AC9D77500BEC60A = {
						CreatedOnToolsVersion = 15.0;
						TestTargetID = 2758B2692AC9D77400BEC60A;
					};
					2758B2832AC9D77500BEC60A = {
						CreatedOnToolsVersion = 15.0;
						TestTargetID = 2758B2692AC9D77400BEC60A;
					};
				};
			};
			buildConfigurationList = 2758B2652AC9D77400BEC60A /* Build configuration list for PBXProject "MultiClock" */;
			compatibilityVersion = "Xcode 14.0";
			developmentRegion = en;
			hasScannedForEncodings = 0;
			knownRegions = (
				en,
				Base,
			);
			mainGroup = 2758B2612AC9D77400BEC60A;
			packageReferences = (
				2758B2972AC9D8CC00BEC60A /* XCRemoteSwiftPackageReference "Solar" */,
			);
			productRefGroup = 2758B26B2AC9D77400BEC60A /* Products */;
			projectDirPath = "";
			projectRoot = "";
			targets = (
				2758B2692AC9D77400BEC60A /* MultiClock */,
				2758B2792AC9D77500BEC60A /* MultiClockTests */,
				2758B2832AC9D77500BEC60A /* MultiClockUITests */,
			);
		};
/* End PBXProject section */

/* Begin PBXResourcesBuildPhase section */
		2758B2682AC9D77400BEC60A /* Resources */ = {
			isa = PBXResourcesBuildPhase;
			buildActionMask = 2147483647;
			files = (
				2758B2752AC9D77500BEC60A /* Preview Assets.xcassets in Resources */,
				2758B2722AC9D77500BEC60A /* Assets.xcassets in Resources */,
			);
			runOnlyForDeploymentPostprocessing = 0;
		};
		2758B2782AC9D77500BEC60A /* Resources */ = {
			isa = PBXResourcesBuildPhase;
			buildActionMask = 2147483647;
			files = (
			);
			runOnlyForDeploymentPostprocessing = 0;
		};
		2758B2822AC9D77500BEC60A /* Resources */ = {
			isa = PBXResourcesBuildPhase;
			buildActionMask = 2147483647;
			files = (
			);
			runOnlyForDeploymentPostprocessing = 0;
		};
/* End PBXResourcesBuildPhase section */

/* Begin PBXSourcesBuildPhase section */
		2758B2662AC9D77400BEC60A /* Sources */ = {
			isa = PBXSourcesBuildPhase;
			buildActionMask = 2147483647;
			files = (
				2758B29F2AC9DCA400BEC60A /* SolarClockView.swift in Sources */,
				2758B2A12AC9DD9900BEC60A /* PreferencesView.swift in Sources */,
				2758B29B2AC9D8F600BEC60A /* SolarClock.swift in Sources */,
				2758B29D2AC9DA8800BEC60A /* CivilClockView.swift in Sources */,
				2758B2702AC9D77400BEC60A /* ContentView.swift in Sources */,
				2758B26E2AC9D77400BEC60A /* MultiClockApp.swift in Sources */,
				2758B2A32AC9DFD800BEC60A /* InfoView.swift in Sources */,
			);
			runOnlyForDeploymentPostprocessing = 0;
		};
		2758B2762AC9D77500BEC60A /* Sources */ = {
			isa = PBXSourcesBuildPhase;
			buildActionMask = 2147483647;
			files = (
				2758B27F2AC9D77500BEC60A /* MultiClockTests.swift in Sources */,
			);
			runOnlyForDeploymentPostprocessing = 0;
		};
		2758B2802AC9D77500BEC60A /* Sources */ = {
			isa = PBXSourcesBuildPhase;
			buildActionMask = 2147483647;
			files = (
				2758B2892AC9D77500BEC60A /* MultiClockUITests.swift in Sources */,
				2758B28B2AC9D77500BEC60A /* MultiClockUITestsLaunchTests.swift in Sources */,
			);
			runOnlyForDeploymentPostprocessing = 0;
		};
/* End PBXSourcesBuildPhase section */

/* Begin PBXTargetDependency section */
		2758B27C2AC9D77500BEC60A /* PBXTargetDependency */ = {
			isa = PBXTargetDependency;
			target = 2758B2692AC9D77400BEC60A /* MultiClock */;
			targetProxy = 2758B27B2AC9D77500BEC60A /* PBXContainerItemProxy */;
		};
		2758B2862AC9D77500BEC60A /* PBXTargetDependency */ = {
			isa = PBXTargetDependency;
			target = 2758B2692AC9D77400BEC60A /* MultiClock */;
			targetProxy = 2758B2852AC9D77500BEC60A /* PBXContainerItemProxy */;
		};
/* End PBXTargetDependency section */

/* Begin XCBuildConfiguration section */
		2758B28C2AC9D77500BEC60A /* Debug */ = {
			isa = XCBuildConfiguration;
			buildSettings = {
				ALWAYS_SEARCH_USER_PATHS = NO;
				ASSETCATALOG_COMPILER_GENERATE_SWIFT_ASSET_SYMBOL_EXTENSIONS = YES;
				CLANG_ANALYZER_NONNULL = YES;
				CLANG_ANALYZER_NUMBER_OBJECT_CONVERSION = YES_AGGRESSIVE;
				CLANG_CXX_LANGUAGE_STANDARD = "gnu++20";
				CLANG_ENABLE_MODULES = YES;
				CLANG_ENABLE_OBJC_ARC = YES;
				CLANG_ENABLE_OBJC_WEAK = YES;
				CLANG_WARN_BLOCK_CAPTURE_AUTORELEASING = YES;
				CLANG_WARN_BOOL_CONVERSION = YES;
				CLANG_WARN_COMMA = YES;
				CLANG_WARN_CONSTANT_CONVERSION = YES;
				CLANG_WARN_DEPRECATED_OBJC_IMPLEMENTATIONS = YES;
				CLANG_WARN_DIRECT_OBJC_ISA_USAGE = YES_ERROR;
				CLANG_WARN_DOCUMENTATION_COMMENTS = YES;
				CLANG_WARN_EMPTY_BODY = YES;
				CLANG_WARN_ENUM_CONVERSION = YES;
				CLANG_WARN_INFINITE_RECURSION = YES;
				CLANG_WARN_INT_CONVERSION = YES;
				CLANG_WARN_NON_LITERAL_NULL_CONVERSION = YES;
				CLANG_WARN_OBJC_IMPLICIT_RETAIN_SELF = YES;
				CLANG_WARN_OBJC_LITERAL_CONVERSION = YES;
				CLANG_WARN_OBJC_ROOT_CLASS = YES_ERROR;
				CLANG_WARN_QUOTED_INCLUDE_IN_FRAMEWORK_HEADER = YES;
				CLANG_WARN_RANGE_LOOP_ANALYSIS = YES;
				CLANG_WARN_STRICT_PROTOTYPES = YES;
				CLANG_WARN_SUSPICIOUS_MOVE = YES;
				CLANG_WARN_UNGUARDED_AVAILABILITY = YES_AGGRESSIVE;
				CLANG_WARN_UNREACHABLE_CODE = YES;
				CLANG_WARN__DUPLICATE_METHOD_MATCH = YES;
				COPY_PHASE_STRIP = NO;
				DEBUG_INFORMATION_FORMAT = dwarf;
				ENABLE_STRICT_OBJC_MSGSEND = YES;
				ENABLE_TESTABILITY = YES;
				ENABLE_USER_SCRIPT_SANDBOXING = YES;
				GCC_C_LANGUAGE_STANDARD = gnu17;
				GCC_DYNAMIC_NO_PIC = NO;
				GCC_NO_COMMON_BLOCKS = YES;
				GCC_OPTIMIZATION_LEVEL = 0;
				GCC_PREPROCESSOR_DEFINITIONS = (
					"DEBUG=1",
					"$(inherited)",
				);
				GCC_WARN_64_TO_32_BIT_CONVERSION = YES;
				GCC_WARN_ABOUT_RETURN_TYPE = YES_ERROR;
				GCC_WARN_UNDECLARED_SELECTOR = YES;
				GCC_WARN_UNINITIALIZED_AUTOS = YES_AGGRESSIVE;
				GCC_WARN_UNUSED_FUNCTION = YES;
				GCC_WARN_UNUSED_VARIABLE = YES;
				IPHONEOS_DEPLOYMENT_TARGET = 17.0;
				LOCALIZATION_PREFERS_STRING_CATALOGS = YES;
				MTL_ENABLE_DEBUG_INFO = INCLUDE_SOURCE;
				MTL_FAST_MATH = YES;
				ONLY_ACTIVE_ARCH = YES;
				SDKROOT = iphoneos;
				SWIFT_ACTIVE_COMPILATION_CONDITIONS = "DEBUG $(inherited)";
				SWIFT_OPTIMIZATION_LEVEL = "-Onone";
			};
			name = Debug;
		};
		2758B28D2AC9D77500BEC60A /* Release */ = {
			isa = XCBuildConfiguration;
			buildSettings = {
				ALWAYS_SEARCH_USER_PATHS = NO;
				ASSETCATALOG_COMPILER_GENERATE_SWIFT_ASSET_SYMBOL_EXTENSIONS = YES;
				CLANG_ANALYZER_NONNULL = YES;
				CLANG_ANALYZER_NUMBER_OBJECT_CONVERSION = YES_AGGRESSIVE;
				CLANG_CXX_LANGUAGE_STANDARD = "gnu++20";
				CLANG_ENABLE_MODULES = YES;
				CLANG_ENABLE_OBJC_ARC = YES;
				CLANG_ENABLE_OBJC_WEAK = YES;
				CLANG_WARN_BLOCK_CAPTURE_AUTORELEASING = YES;
				CLANG_WARN_BOOL_CONVERSION = YES;
				CLANG_WARN_COMMA = YES;
				CLANG_WARN_CONSTANT_CONVERSION = YES;
				CLANG_WARN_DEPRECATED_OBJC_IMPLEMENTATIONS = YES;
				CLANG_WARN_DIRECT_OBJC_ISA_USAGE = YES_ERROR;
				CLANG_WARN_DOCUMENTATION_COMMENTS = YES;
				CLANG_WARN_EMPTY_BODY = YES;
				CLANG_WARN_ENUM_CONVERSION = YES;
				CLANG_WARN_INFINITE_RECURSION = YES;
				CLANG_WARN_INT_CONVERSION = YES;
				CLANG_WARN_NON_LITERAL_NULL_CONVERSION = YES;
				CLANG_WARN_OBJC_IMPLICIT_RETAIN_SELF = YES;
				CLANG_WARN_OBJC_LITERAL_CONVERSION = YES;
				CLANG_WARN_OBJC_ROOT_CLASS = YES_ERROR;
				CLANG_WARN_QUOTED_INCLUDE_IN_FRAMEWORK_HEADER = YES;
				CLANG_WARN_RANGE_LOOP_ANALYSIS = YES;
				CLANG_WARN_STRICT_PROTOTYPES = YES;
				CLANG_WARN_SUSPICIOUS_MOVE = YES;
				CLANG_WARN_UNGUARDED_AVAILABILITY = YES_AGGRESSIVE;
				CLANG_WARN_UNREACHABLE_CODE = YES;
				CLANG_WARN__DUPLICATE_METHOD_MATCH = YES;
				COPY_PHASE_STRIP = NO;
				DEBUG_INFORMATION_FORMAT = "dwarf-with-dsym";
				ENABLE_NS_ASSERTIONS = NO;
				ENABLE_STRICT_OBJC_MSGSEND = YES;
				ENABLE_USER_SCRIPT_SANDBOXING = YES;
				GCC_C_LANGUAGE_STANDARD = gnu17;
				GCC_NO_COMMON_BLOCKS = YES;
				GCC_WARN_64_TO_32_BIT_CONVERSION = YES;
				GCC_WARN_ABOUT_RETURN_TYPE = YES_ERROR;
				GCC_WARN_UNDECLARED_SELECTOR = YES;
				GCC_WARN_UNINITIALIZED_AUTOS = YES_AGGRESSIVE;
				GCC_WARN_UNUSED_FUNCTION = YES;
				GCC_WARN_UNUSED_VARIABLE = YES;
				IPHONEOS_DEPLOYMENT_TARGET = 17.0;
				LOCALIZATION_PREFERS_STRING_CATALOGS = YES;
				MTL_ENABLE_DEBUG_INFO = NO;
				MTL_FAST_MATH = YES;
				SDKROOT = iphoneos;
				SWIFT_COMPILATION_MODE = wholemodule;
				VALIDATE_PRODUCT = YES;
			};
			name = Release;
		};
		2758B28F2AC9D77500BEC60A /* Debug */ = {
			isa = XCBuildConfiguration;
			buildSettings = {
				ASSETCATALOG_COMPILER_APPICON_NAME = AppIcon;
				ASSETCATALOG_COMPILER_GLOBAL_ACCENT_COLOR_NAME = AccentColor;
				CODE_SIGN_STYLE = Automatic;
				CURRENT_PROJECT_VERSION = 1;
				DEVELOPMENT_ASSET_PATHS = "\"MultiClock/Preview Content\"";
				DEVELOPMENT_TEAM = UBEXFHV68S;
				ENABLE_PREVIEWS = YES;
				GENERATE_INFOPLIST_FILE = YES;
				INFOPLIST_KEY_NSLocationWhenInUseUsageDescription = "MultiClock uses your location to display solar time and sunrise/sunset times.";
				INFOPLIST_KEY_UIApplicationSceneManifest_Generation = YES;
				INFOPLIST_KEY_UIApplicationSupportsIndirectInputEvents = YES;
				INFOPLIST_KEY_UILaunchScreen_Generation = YES;
				INFOPLIST_KEY_UIRequiredDeviceCapabilities = "location-services";
				INFOPLIST_KEY_UISupportedInterfaceOrientations_iPad = "UIInterfaceOrientationPortrait UIInterfaceOrientationPortraitUpsideDown UIInterfaceOrientationLandscapeLeft UIInterfaceOrientationLandscapeRight";
				INFOPLIST_KEY_UISupportedInterfaceOrientations_iPhone = "UIInterfaceOrientationPortrait UIInterfaceOrientationLandscapeLeft UIInterfaceOrientationLandscapeRight";
				LD_RUNPATH_SEARCH_PATHS = (
					"$(inherited)",
					"@executable_path/Frameworks",
				);
				MARKETING_VERSION = 1.0;
				PRODUCT_BUNDLE_IDENTIFIER = Mike.MultiClock;
				PRODUCT_NAME = "$(TARGET_NAME)";
				SWIFT_EMIT_LOC_STRINGS = YES;
				SWIFT_VERSION = 5.0;
				TARGETED_DEVICE_FAMILY = "1,2";
			};
			name = Debug;
		};
		2758B2902AC9D77500BEC60A /* Release */ = {
			isa = XCBuildConfiguration;
			buildSettings = {
				ASSETCATALOG_COMPILER_APPICON_NAME = AppIcon;
				ASSETCATALOG_COMPILER_GLOBAL_ACCENT_COLOR_NAME = AccentColor;
				CODE_SIGN_STYLE = Automatic;
				CURRENT_PROJECT_VERSION = 1;
				DEVELOPMENT_ASSET_PATHS = "\"MultiClock/Preview Content\"";
				DEVELOPMENT_TEAM = UBEXFHV68S;
				ENABLE_PREVIEWS = YES;
				GENERATE_INFOPLIST_FILE = YES;
				INFOPLIST_KEY_NSLocationWhenInUseUsageDescription = "MultiClock uses your location to display solar time and sunrise/sunset times.";
				INFOPLIST_KEY_UIApplicationSceneManifest_Generation = YES;
				INFOPLIST_KEY_UIApplicationSupportsIndirectInputEvents = YES;
				INFOPLIST_KEY_UILaunchScreen_Generation = YES;
				INFOPLIST_KEY_UIRequiredDeviceCapabilities = "location-services";
				INFOPLIST_KEY_UISupportedInterfaceOrientations_iPad = "UIInterfaceOrientationPortrait UIInterfaceOrientationPortraitUpsideDown UIInterfaceOrientationLandscapeLeft UIInterfaceOrientationLandscapeRight";
				INFOPLIST_KEY_UISupportedInterfaceOrientations_iPhone = "UIInterfaceOrientationPortrait UIInterfaceOrientationLandscapeLeft UIInterfaceOrientationLandscapeRight";
				LD_RUNPATH_SEARCH_PATHS = (
					"$(inherited)",
					"@executable_path/Frameworks",
				);
				MARKETING_VERSION = 1.0;
				PRODUCT_BUNDLE_IDENTIFIER = Mike.MultiClock;
				PRODUCT_NAME = "$(TARGET_NAME)";
				SWIFT_EMIT_LOC_STRINGS = YES;
				SWIFT_VERSION = 5.0;
				TARGETED_DEVICE_FAMILY = "1,2";
			};
			name = Release;
		};
		2758B2922AC9D77500BEC60A /* Debug */ = {
			isa = XCBuildConfiguration;
			buildSettings = {
				ALWAYS_EMBED_SWIFT_STANDARD_LIBRARIES = YES;
				BUNDLE_LOADER = "$(TEST_HOST)";
				CODE_SIGN_STYLE = Automatic;
				CURRENT_PROJECT_VERSION = 1;
				DEVELOPMENT_TEAM = UBEXFHV68S;
				GENERATE_INFOPLIST_FILE = YES;
				IPHONEOS_DEPLOYMENT_TARGET = 17.0;
				MARKETING_VERSION = 1.0;
				PRODUCT_BUNDLE_IDENTIFIER = Mike.MultiClockTests;
				PRODUCT_NAME = "$(TARGET_NAME)";
				SWIFT_EMIT_LOC_STRINGS = NO;
				SWIFT_VERSION = 5.0;
				TARGETED_DEVICE_FAMILY = "1,2";
				TEST_HOST = "$(BUILT_PRODUCTS_DIR)/MultiClock.app/$(BUNDLE_EXECUTABLE_FOLDER_PATH)/MultiClock";
			};
			name = Debug;
		};
		2758B2932AC9D77500BEC60A /* Release */ = {
			isa = XCBuildConfiguration;
			buildSettings = {
				ALWAYS_EMBED_SWIFT_STANDARD_LIBRARIES = YES;
				BUNDLE_LOADER = "$(TEST_HOST)";
				CODE_SIGN_STYLE = Automatic;
				CURRENT_PROJECT_VERSION = 1;
				DEVELOPMENT_TEAM = UBEXFHV68S;
				GENERATE_INFOPLIST_FILE = YES;
				IPHONEOS_DEPLOYMENT_TARGET = 17.0;
				MARKETING_VERSION = 1.0;
				PRODUCT_BUNDLE_IDENTIFIER = Mike.MultiClockTests;
				PRODUCT_NAME = "$(TARGET_NAME)";
				SWIFT_EMIT_LOC_STRINGS = NO;
				SWIFT_VERSION = 5.0;
				TARGETED_DEVICE_FAMILY = "1,2";
				TEST_HOST = "$(BUILT_PRODUCTS_DIR)/MultiClock.app/$(BUNDLE_EXECUTABLE_FOLDER_PATH)/MultiClock";
			};
			name = Release;
		};
		2758B2952AC9D77500BEC60A /* Debug */ = {
			isa = XCBuildConfiguration;
			buildSettings = {
				ALWAYS_EMBED_SWIFT_STANDARD_LIBRARIES = YES;
				CODE_SIGN_STYLE = Automatic;
				CURRENT_PROJECT_VERSION = 1;
				DEVELOPMENT_TEAM = UBEXFHV68S;
				GENERATE_INFOPLIST_FILE = YES;
				MARKETING_VERSION = 1.0;
				PRODUCT_BUNDLE_IDENTIFIER = Mike.MultiClockUITests;
				PRODUCT_NAME = "$(TARGET_NAME)";
				SWIFT_EMIT_LOC_STRINGS = NO;
				SWIFT_VERSION = 5.0;
				TARGETED_DEVICE_FAMILY = "1,2";
				TEST_TARGET_NAME = MultiClock;
			};
			name = Debug;
		};
		2758B2962AC9D77500BEC60A /* Release */ = {
			isa = XCBuildConfiguration;
			buildSettings = {
				ALWAYS_EMBED_SWIFT_STANDARD_LIBRARIES = YES;
				CODE_SIGN_STYLE = Automatic;
				CURRENT_PROJECT_VERSION = 1;
				DEVELOPMENT_TEAM = UBEXFHV68S;
				GENERATE_INFOPLIST_FILE = YES;
				MARKETING_VERSION = 1.0;
				PRODUCT_BUNDLE_IDENTIFIER = Mike.MultiClockUITests;
				PRODUCT_NAME = "$(TARGET_NAME)";
				SWIFT_EMIT_LOC_STRINGS = NO;
				SWIFT_VERSION = 5.0;
				TARGETED_DEVICE_FAMILY = "1,2";
				TEST_TARGET_NAME = MultiClock;
			};
			name = Release;
		};
/* End XCBuildConfiguration section */

/* Begin XCConfigurationList section */
		2758B2652AC9D77400BEC60A /* Build configuration list for PBXProject "MultiClock" */ = {
			isa = XCConfigurationList;
			buildConfigurations = (
				2758B28C2AC9D77500BEC60A /* Debug */,
				2758B28D2AC9D77500BEC60A /* Release */,
			);
			defaultConfigurationIsVisible = 0;
			defaultConfigurationName = Release;
		};
		2758B28E2AC9D77500BEC60A /* Build configuration list for PBXNativeTarget "MultiClock" */ = {
			isa = XCConfigurationList;
			buildConfigurations = (
				2758B28F2AC9D77500BEC60A /* Debug */,
				2758B2902AC9D77500BEC60A /* Release */,
			);
			defaultConfigurationIsVisible = 0;
			defaultConfigurationName = Release;
		};
		2758B2912AC9D77500BEC60A /* Build configuration list for PBXNativeTarget "MultiClockTests" */ = {
			isa = XCConfigurationList;
			buildConfigurations = (
				2758B2922AC9D77500BEC60A /* Debug */,
				2758B2932AC9D77500BEC60A /* Release */,
			);
			defaultConfigurationIsVisible = 0;
			defaultConfigurationName = Release;
		};
		2758B2942AC9D77500BEC60A /* Build configuration list for PBXNativeTarget "MultiClockUITests" */ = {
			isa = XCConfigurationList;
			buildConfigurations = (
				2758B2952AC9D77500BEC60A /* Debug */,
				2758B2962AC9D77500BEC60A /* Release */,
			);
			defaultConfigurationIsVisible = 0;
			defaultConfigurationName = Release;
		};
/* End XCConfigurationList section */

/* Begin XCRemoteSwiftPackageReference section */
		2758B2972AC9D8CC00BEC60A /* XCRemoteSwiftPackageReference "Solar" */ = {
			isa = XCRemoteSwiftPackageReference;
			repositoryURL = "https://github.com/ceeK/Solar";
			requirement = {
				kind = upToNextMajorVersion;
				minimumVersion = 3.0.1;
			};
		};
/* End XCRemoteSwiftPackageReference section */

/* Begin XCSwiftPackageProductDependency section */
		2758B2982AC9D8CC00BEC60A /* Solar */ = {
			isa = XCSwiftPackageProductDependency;
			package = 2758B2972AC9D8CC00BEC60A /* XCRemoteSwiftPackageReference "Solar" */;
			productName = Solar;
		};
/* End XCSwiftPackageProductDependency section */
	};
	rootObject = 2758B2622AC9D77400BEC60A /* Project object */;
}
